
Microsoft Visual Studio Solution File, Format Version 12.00
# Visual Studio Version 17
VisualStudioVersion = 17.11.35222.181
MinimumVisualStudioVersion = 10.0.40219.1
Project("{FAE04EC0-301F-11D3-BF4B-00C04F79EFBC}") = "TestProject1", "TestProject1\TestProject1.csproj", "{E09F03B9-221D-4446-A8D9-72A591F757B9}"
EndProject
Global
	GlobalSection(SolutionConfigurationPlatforms) = preSolution
		Debug|Any CPU = Debug|Any CPU
		Release|Any CPU = Release|Any CPU
	EndGlobalSection
	GlobalSection(ProjectConfigurationPlatforms) = postSolution
		{E09F03B9-221D-4446-A8D9-72A591F757B9}.Debug|Any CPU.ActiveCfg = Debug|Any CPU
		{E09F03B9-221D-4446-A8D9-72A591F757B9}.Debug|Any CPU.Build.0 = Debug|Any CPU
		{E09F03B9-221D-4446-A8D9-72A591F757B9}.Release|Any CPU.ActiveCfg = Release|Any CPU
		{E09F03B9-221D-4446-A8D9-72A591F757B9}.Release|Any CPU.Build.0 = Release|Any CPU
	EndGlobalSection
	GlobalSection(SolutionProperties) = preSolution
		HideSolutionNode = FALSE
	EndGlobalSection
	GlobalSection(ExtensibilityGlobals) = postSolution
		SolutionGuid = {962FA9F1-A760-4E65-B377-F8D4BD10AAA2}
	EndGlobalSection
EndGlobal
